
Microsoft Visual Studio Solution File, Format Version 12.00
# Visual Studio 14
VisualStudioVersion = 14.0.25420.1
MinimumVisualStudioVersion = 10.0.40219.1
Project("{FAE04EC0-301F-11D3-BF4B-00C04F79EFBC}") = "Yort.OnlineEftpos", "Yort.OnlineEftpos\Yort.OnlineEftpos.csproj", "{0CA0CB02-8BFB-485D-8CFC-80C25A529D29}"
EndProject
Project("{D954291E-2A0B-460D-934E-DC6B0785DB48}") = "Yort.OnlineEftpos.SharedImplementation", "Yort.OnlineEftpos.Shared\Yort.OnlineEftpos.SharedImplementation.shproj", "{EDADB31C-29F7-494F-BA99-2F3006E82076}"
EndProject
Project("{FAE04EC0-301F-11D3-BF4B-00C04F79EFBC}") = "Yort.OnlineEftpos.Net40", "Yort.OnlineEftpos.Net40\Yort.OnlineEftpos.Net40.csproj", "{DBDB655D-4FDA-4F22-B39E-DA5A137F6766}"
EndProject
Project("{FAE04EC0-301F-11D3-BF4B-00C04F79EFBC}") = "Yort.OnlineEftpos.Android", "Yort.OnlineEftpos.Android\Yort.OnlineEftpos.Android.csproj", "{FC34EAD8-DC77-4465-AA68-D244933512BF}"
EndProject
Project("{D954291E-2A0B-460D-934E-DC6B0785DB48}") = "Yort.OnlineEftpos.SharedContracts", "Yort.OnlineEftpos.SharedContracts\Yort.OnlineEftpos.SharedContracts.shproj", "{FB97EA90-6938-49CD-855B-9D695653FC54}"
EndProject
Project("{FAE04EC0-301F-11D3-BF4B-00C04F79EFBC}") = "Yort.OnlineEftpos.iOS", "Yort.OnlineEftpos.iOS\Yort.OnlineEftpos.iOS.csproj", "{BBCC76AC-ED01-4457-9D19-9655122C0DD7}"
EndProject
Project("{FAE04EC0-301F-11D3-BF4B-00C04F79EFBC}") = "Yort.OnlineEftpos.WinRT", "Yort.OnlineEftpos.WinRT\Yort.OnlineEftpos.WinRT.csproj", "{42324754-7F16-401E-BC63-92A0F69BC1A3}"
EndProject
Project("{FAE04EC0-301F-11D3-BF4B-00C04F79EFBC}") = "Yort.OnlineEftpos.Net40.Tests", "Yort.OnlineEftpos.Net40.Tests\Yort.OnlineEftpos.Net40.Tests.csproj", "{92B6C093-772A-412F-87EF-F542E49974E7}"
EndProject
Project("{FAE04EC0-301F-11D3-BF4B-00C04F79EFBC}") = "Yort.OnlineEftpos.SampleConsoleApp", "Yort.OnlineEftpos.SampleConsoleApp\Yort.OnlineEftpos.SampleConsoleApp.csproj", "{3094D67C-3D85-419E-B081-1AF1E1652312}"
EndProject
Project("{FAE04EC0-301F-11D3-BF4B-00C04F79EFBC}") = "Yort.OnlineEftpos.Net45", "Yort.OnlineEftpos.Net45\Yort.OnlineEftpos.Net45.csproj", "{25D33D7A-95C6-4489-981F-04EEB4AF8BAB}"
EndProject
Project("{FAE04EC0-301F-11D3-BF4B-00C04F79EFBC}") = "Yort.OnlineEftpos.NetStandard13", "Yort.OnlineEftpos.NetStandard13\Yort.OnlineEftpos.NetStandard13.csproj", "{D18333E6-8A75-480B-A418-2EB935C8F11E}"
EndProject
Project("{FAE04EC0-301F-11D3-BF4B-00C04F79EFBC}") = "Yort.OnlineEftpos.NetStandard13.Tests", "Yort.OnlineEftpos.NetStandard13.Tests\Yort.OnlineEftpos.NetStandard13.Tests.csproj", "{1AD3FC44-5652-4582-BD9F-EC23B89C2BA2}"
EndProject
Global
	GlobalSection(SharedMSBuildProjectFiles) = preSolution
		Yort.OnlineEftpos.SharedContracts\Yort.OnlineEftpos.SharedContracts.projitems*{0ca0cb02-8bfb-485d-8cfc-80c25a529d29}*SharedItemsImports = 4
		Yort.OnlineEftpos.SharedContracts\Yort.OnlineEftpos.SharedContracts.projitems*{25d33d7a-95c6-4489-981f-04eeb4af8bab}*SharedItemsImports = 4
		Yort.OnlineEftpos.Shared\Yort.OnlineEftpos.Shared.projitems*{25d33d7a-95c6-4489-981f-04eeb4af8bab}*SharedItemsImports = 4
		Yort.OnlineEftpos.SharedContracts\Yort.OnlineEftpos.SharedContracts.projitems*{42324754-7f16-401e-bc63-92a0f69bc1a3}*SharedItemsImports = 4
		Yort.OnlineEftpos.Shared\Yort.OnlineEftpos.Shared.projitems*{42324754-7f16-401e-bc63-92a0f69bc1a3}*SharedItemsImports = 4
		Yort.OnlineEftpos.SharedContracts\Yort.OnlineEftpos.SharedContracts.projitems*{bbcc76ac-ed01-4457-9d19-9655122c0dd7}*SharedItemsImports = 4
		Yort.OnlineEftpos.Shared\Yort.OnlineEftpos.Shared.projitems*{bbcc76ac-ed01-4457-9d19-9655122c0dd7}*SharedItemsImports = 4
		Yort.OnlineEftpos.SharedContracts\Yort.OnlineEftpos.SharedContracts.projitems*{d18333e6-8a75-480b-a418-2eb935c8f11e}*SharedItemsImports = 4
		Yort.OnlineEftpos.Shared\Yort.OnlineEftpos.Shared.projitems*{d18333e6-8a75-480b-a418-2eb935c8f11e}*SharedItemsImports = 4
		Yort.OnlineEftpos.SharedContracts\Yort.OnlineEftpos.SharedContracts.projitems*{dbdb655d-4fda-4f22-b39e-da5a137f6766}*SharedItemsImports = 4
		Yort.OnlineEftpos.Shared\Yort.OnlineEftpos.Shared.projitems*{dbdb655d-4fda-4f22-b39e-da5a137f6766}*SharedItemsImports = 4
		Yort.OnlineEftpos.Shared\Yort.OnlineEftpos.Shared.projitems*{edadb31c-29f7-494f-ba99-2f3006e82076}*SharedItemsImports = 13
		Yort.OnlineEftpos.SharedContracts\Yort.OnlineEftpos.SharedContracts.projitems*{fb97ea90-6938-49cd-855b-9d695653fc54}*SharedItemsImports = 13
		Yort.OnlineEftpos.SharedContracts\Yort.OnlineEftpos.SharedContracts.projitems*{fc34ead8-dc77-4465-aa68-d244933512bf}*SharedItemsImports = 4
		Yort.OnlineEftpos.Shared\Yort.OnlineEftpos.Shared.projitems*{fc34ead8-dc77-4465-aa68-d244933512bf}*SharedItemsImports = 4
	EndGlobalSection
	GlobalSection(SolutionConfigurationPlatforms) = preSolution
		Debug|Any CPU = Debug|Any CPU
		Debug|ARM = Debug|ARM
		Debug|x64 = Debug|x64
		Debug|x86 = Debug|x86
		Release|Any CPU = Release|Any CPU
		Release|ARM = Release|ARM
		Release|x64 = Release|x64
		Release|x86 = Release|x86
	EndGlobalSection
	GlobalSection(ProjectConfigurationPlatforms) = postSolution
		{0CA0CB02-8BFB-485D-8CFC-80C25A529D29}.Debug|Any CPU.ActiveCfg = Debug|Any CPU
		{0CA0CB02-8BFB-485D-8CFC-80C25A529D29}.Debug|Any CPU.Build.0 = Debug|Any CPU
		{0CA0CB02-8BFB-485D-8CFC-80C25A529D29}.Debug|ARM.ActiveCfg = Debug|Any CPU
		{0CA0CB02-8BFB-485D-8CFC-80C25A529D29}.Debug|ARM.Build.0 = Debug|Any CPU
		{0CA0CB02-8BFB-485D-8CFC-80C25A529D29}.Debug|x64.ActiveCfg = Debug|Any CPU
		{0CA0CB02-8BFB-485D-8CFC-80C25A529D29}.Debug|x64.Build.0 = Debug|Any CPU
		{0CA0CB02-8BFB-485D-8CFC-80C25A529D29}.Debug|x86.ActiveCfg = Debug|Any CPU
		{0CA0CB02-8BFB-485D-8CFC-80C25A529D29}.Debug|x86.Build.0 = Debug|Any CPU
		{0CA0CB02-8BFB-485D-8CFC-80C25A529D29}.Release|Any CPU.ActiveCfg = Release|Any CPU
		{0CA0CB02-8BFB-485D-8CFC-80C25A529D29}.Release|Any CPU.Build.0 = Release|Any CPU
		{0CA0CB02-8BFB-485D-8CFC-80C25A529D29}.Release|ARM.ActiveCfg = Release|Any CPU
		{0CA0CB02-8BFB-485D-8CFC-80C25A529D29}.Release|ARM.Build.0 = Release|Any CPU
		{0CA0CB02-8BFB-485D-8CFC-80C25A529D29}.Release|x64.ActiveCfg = Release|Any CPU
		{0CA0CB02-8BFB-485D-8CFC-80C25A529D29}.Release|x64.Build.0 = Release|Any CPU
		{0CA0CB02-8BFB-485D-8CFC-80C25A529D29}.Release|x86.ActiveCfg = Release|Any CPU
		{0CA0CB02-8BFB-485D-8CFC-80C25A529D29}.Release|x86.Build.0 = Release|Any CPU
		{DBDB655D-4FDA-4F22-B39E-DA5A137F6766}.Debug|Any CPU.ActiveCfg = Debug|Any CPU
		{DBDB655D-4FDA-4F22-B39E-DA5A137F6766}.Debug|Any CPU.Build.0 = Debug|Any CPU
		{DBDB655D-4FDA-4F22-B39E-DA5A137F6766}.Debug|ARM.ActiveCfg = Debug|Any CPU
		{DBDB655D-4FDA-4F22-B39E-DA5A137F6766}.Debug|ARM.Build.0 = Debug|Any CPU
		{DBDB655D-4FDA-4F22-B39E-DA5A137F6766}.Debug|x64.ActiveCfg = Debug|Any CPU
		{DBDB655D-4FDA-4F22-B39E-DA5A137F6766}.Debug|x64.Build.0 = Debug|Any CPU
		{DBDB655D-4FDA-4F22-B39E-DA5A137F6766}.Debug|x86.ActiveCfg = Debug|Any CPU
		{DBDB655D-4FDA-4F22-B39E-DA5A137F6766}.Debug|x86.Build.0 = Debug|Any CPU
		{DBDB655D-4FDA-4F22-B39E-DA5A137F6766}.Release|Any CPU.ActiveCfg = Release|Any CPU
		{DBDB655D-4FDA-4F22-B39E-DA5A137F6766}.Release|Any CPU.Build.0 = Release|Any CPU
		{DBDB655D-4FDA-4F22-B39E-DA5A137F6766}.Release|ARM.ActiveCfg = Release|Any CPU
		{DBDB655D-4FDA-4F22-B39E-DA5A137F6766}.Release|ARM.Build.0 = Release|Any CPU
		{DBDB655D-4FDA-4F22-B39E-DA5A137F6766}.Release|x64.ActiveCfg = Release|Any CPU
		{DBDB655D-4FDA-4F22-B39E-DA5A137F6766}.Release|x64.Build.0 = Release|Any CPU
		{DBDB655D-4FDA-4F22-B39E-DA5A137F6766}.Release|x86.ActiveCfg = Release|Any CPU
		{DBDB655D-4FDA-4F22-B39E-DA5A137F6766}.Release|x86.Build.0 = Release|Any CPU
		{FC34EAD8-DC77-4465-AA68-D244933512BF}.Debug|Any CPU.ActiveCfg = Debug|Any CPU
		{FC34EAD8-DC77-4465-AA68-D244933512BF}.Debug|Any CPU.Build.0 = Debug|Any CPU
		{FC34EAD8-DC77-4465-AA68-D244933512BF}.Debug|ARM.ActiveCfg = Debug|Any CPU
		{FC34EAD8-DC77-4465-AA68-D244933512BF}.Debug|ARM.Build.0 = Debug|Any CPU
		{FC34EAD8-DC77-4465-AA68-D244933512BF}.Debug|x64.ActiveCfg = Debug|Any CPU
		{FC34EAD8-DC77-4465-AA68-D244933512BF}.Debug|x64.Build.0 = Debug|Any CPU
		{FC34EAD8-DC77-4465-AA68-D244933512BF}.Debug|x86.ActiveCfg = Debug|Any CPU
		{FC34EAD8-DC77-4465-AA68-D244933512BF}.Debug|x86.Build.0 = Debug|Any CPU
		{FC34EAD8-DC77-4465-AA68-D244933512BF}.Release|Any CPU.ActiveCfg = Release|Any CPU
		{FC34EAD8-DC77-4465-AA68-D244933512BF}.Release|Any CPU.Build.0 = Release|Any CPU
		{FC34EAD8-DC77-4465-AA68-D244933512BF}.Release|ARM.ActiveCfg = Release|Any CPU
		{FC34EAD8-DC77-4465-AA68-D244933512BF}.Release|ARM.Build.0 = Release|Any CPU
		{FC34EAD8-DC77-4465-AA68-D244933512BF}.Release|x64.ActiveCfg = Release|Any CPU
		{FC34EAD8-DC77-4465-AA68-D244933512BF}.Release|x64.Build.0 = Release|Any CPU
		{FC34EAD8-DC77-4465-AA68-D244933512BF}.Release|x86.ActiveCfg = Release|Any CPU
		{FC34EAD8-DC77-4465-AA68-D244933512BF}.Release|x86.Build.0 = Release|Any CPU
		{BBCC76AC-ED01-4457-9D19-9655122C0DD7}.Debug|Any CPU.ActiveCfg = Debug|Any CPU
		{BBCC76AC-ED01-4457-9D19-9655122C0DD7}.Debug|Any CPU.Build.0 = Debug|Any CPU
		{BBCC76AC-ED01-4457-9D19-9655122C0DD7}.Debug|ARM.ActiveCfg = Debug|Any CPU
		{BBCC76AC-ED01-4457-9D19-9655122C0DD7}.Debug|ARM.Build.0 = Debug|Any CPU
		{BBCC76AC-ED01-4457-9D19-9655122C0DD7}.Debug|x64.ActiveCfg = Debug|Any CPU
		{BBCC76AC-ED01-4457-9D19-9655122C0DD7}.Debug|x64.Build.0 = Debug|Any CPU
		{BBCC76AC-ED01-4457-9D19-9655122C0DD7}.Debug|x86.ActiveCfg = Debug|Any CPU
		{BBCC76AC-ED01-4457-9D19-9655122C0DD7}.Debug|x86.Build.0 = Debug|Any CPU
		{BBCC76AC-ED01-4457-9D19-9655122C0DD7}.Release|Any CPU.ActiveCfg = Release|Any CPU
		{BBCC76AC-ED01-4457-9D19-9655122C0DD7}.Release|Any CPU.Build.0 = Release|Any CPU
		{BBCC76AC-ED01-4457-9D19-9655122C0DD7}.Release|ARM.ActiveCfg = Release|Any CPU
		{BBCC76AC-ED01-4457-9D19-9655122C0DD7}.Release|ARM.Build.0 = Release|Any CPU
		{BBCC76AC-ED01-4457-9D19-9655122C0DD7}.Release|x64.ActiveCfg = Release|Any CPU
		{BBCC76AC-ED01-4457-9D19-9655122C0DD7}.Release|x64.Build.0 = Release|Any CPU
		{BBCC76AC-ED01-4457-9D19-9655122C0DD7}.Release|x86.ActiveCfg = Release|Any CPU
		{BBCC76AC-ED01-4457-9D19-9655122C0DD7}.Release|x86.Build.0 = Release|Any CPU
		{42324754-7F16-401E-BC63-92A0F69BC1A3}.Debug|Any CPU.ActiveCfg = Debug|Any CPU
		{42324754-7F16-401E-BC63-92A0F69BC1A3}.Debug|Any CPU.Build.0 = Debug|Any CPU
		{42324754-7F16-401E-BC63-92A0F69BC1A3}.Debug|ARM.ActiveCfg = Debug|Any CPU
		{42324754-7F16-401E-BC63-92A0F69BC1A3}.Debug|ARM.Build.0 = Debug|Any CPU
		{42324754-7F16-401E-BC63-92A0F69BC1A3}.Debug|x64.ActiveCfg = Debug|Any CPU
		{42324754-7F16-401E-BC63-92A0F69BC1A3}.Debug|x64.Build.0 = Debug|Any CPU
		{42324754-7F16-401E-BC63-92A0F69BC1A3}.Debug|x86.ActiveCfg = Debug|Any CPU
		{42324754-7F16-401E-BC63-92A0F69BC1A3}.Debug|x86.Build.0 = Debug|Any CPU
		{42324754-7F16-401E-BC63-92A0F69BC1A3}.Release|Any CPU.ActiveCfg = Release|Any CPU
		{42324754-7F16-401E-BC63-92A0F69BC1A3}.Release|Any CPU.Build.0 = Release|Any CPU
		{42324754-7F16-401E-BC63-92A0F69BC1A3}.Release|ARM.ActiveCfg = Release|Any CPU
		{42324754-7F16-401E-BC63-92A0F69BC1A3}.Release|ARM.Build.0 = Release|Any CPU
		{42324754-7F16-401E-BC63-92A0F69BC1A3}.Release|x64.ActiveCfg = Release|Any CPU
		{42324754-7F16-401E-BC63-92A0F69BC1A3}.Release|x64.Build.0 = Release|Any CPU
		{42324754-7F16-401E-BC63-92A0F69BC1A3}.Release|x86.ActiveCfg = Release|Any CPU
		{42324754-7F16-401E-BC63-92A0F69BC1A3}.Release|x86.Build.0 = Release|Any CPU
		{92B6C093-772A-412F-87EF-F542E49974E7}.Debug|Any CPU.ActiveCfg = Debug|Any CPU
		{92B6C093-772A-412F-87EF-F542E49974E7}.Debug|Any CPU.Build.0 = Debug|Any CPU
		{92B6C093-772A-412F-87EF-F542E49974E7}.Debug|ARM.ActiveCfg = Debug|Any CPU
		{92B6C093-772A-412F-87EF-F542E49974E7}.Debug|x64.ActiveCfg = Debug|Any CPU
		{92B6C093-772A-412F-87EF-F542E49974E7}.Debug|x86.ActiveCfg = Debug|Any CPU
		{92B6C093-772A-412F-87EF-F542E49974E7}.Release|Any CPU.ActiveCfg = Release|Any CPU
		{92B6C093-772A-412F-87EF-F542E49974E7}.Release|Any CPU.Build.0 = Release|Any CPU
		{92B6C093-772A-412F-87EF-F542E49974E7}.Release|ARM.ActiveCfg = Release|Any CPU
		{92B6C093-772A-412F-87EF-F542E49974E7}.Release|x64.ActiveCfg = Release|Any CPU
		{92B6C093-772A-412F-87EF-F542E49974E7}.Release|x86.ActiveCfg = Release|Any CPU
		{3094D67C-3D85-419E-B081-1AF1E1652312}.Debug|Any CPU.ActiveCfg = Debug|Any CPU
		{3094D67C-3D85-419E-B081-1AF1E1652312}.Debug|Any CPU.Build.0 = Debug|Any CPU
		{3094D67C-3D85-419E-B081-1AF1E1652312}.Debug|ARM.ActiveCfg = Debug|Any CPU
		{3094D67C-3D85-419E-B081-1AF1E1652312}.Debug|ARM.Build.0 = Debug|Any CPU
		{3094D67C-3D85-419E-B081-1AF1E1652312}.Debug|x64.ActiveCfg = Debug|Any CPU
		{3094D67C-3D85-419E-B081-1AF1E1652312}.Debug|x64.Build.0 = Debug|Any CPU
		{3094D67C-3D85-419E-B081-1AF1E1652312}.Debug|x86.ActiveCfg = Debug|Any CPU
		{3094D67C-3D85-419E-B081-1AF1E1652312}.Debug|x86.Build.0 = Debug|Any CPU
		{3094D67C-3D85-419E-B081-1AF1E1652312}.Release|Any CPU.ActiveCfg = Release|Any CPU
		{3094D67C-3D85-419E-B081-1AF1E1652312}.Release|Any CPU.Build.0 = Release|Any CPU
		{3094D67C-3D85-419E-B081-1AF1E1652312}.Release|ARM.ActiveCfg = Release|Any CPU
		{3094D67C-3D85-419E-B081-1AF1E1652312}.Release|ARM.Build.0 = Release|Any CPU
		{3094D67C-3D85-419E-B081-1AF1E1652312}.Release|x64.ActiveCfg = Release|Any CPU
		{3094D67C-3D85-419E-B081-1AF1E1652312}.Release|x64.Build.0 = Release|Any CPU
		{3094D67C-3D85-419E-B081-1AF1E1652312}.Release|x86.ActiveCfg = Release|Any CPU
		{3094D67C-3D85-419E-B081-1AF1E1652312}.Release|x86.Build.0 = Release|Any CPU
		{25D33D7A-95C6-4489-981F-04EEB4AF8BAB}.Debug|Any CPU.ActiveCfg = Debug|Any CPU
		{25D33D7A-95C6-4489-981F-04EEB4AF8BAB}.Debug|Any CPU.Build.0 = Debug|Any CPU
		{25D33D7A-95C6-4489-981F-04EEB4AF8BAB}.Debug|ARM.ActiveCfg = Debug|Any CPU
		{25D33D7A-95C6-4489-981F-04EEB4AF8BAB}.Debug|ARM.Build.0 = Debug|Any CPU
		{25D33D7A-95C6-4489-981F-04EEB4AF8BAB}.Debug|x64.ActiveCfg = Debug|Any CPU
		{25D33D7A-95C6-4489-981F-04EEB4AF8BAB}.Debug|x64.Build.0 = Debug|Any CPU
		{25D33D7A-95C6-4489-981F-04EEB4AF8BAB}.Debug|x86.ActiveCfg = Debug|Any CPU
		{25D33D7A-95C6-4489-981F-04EEB4AF8BAB}.Debug|x86.Build.0 = Debug|Any CPU
		{25D33D7A-95C6-4489-981F-04EEB4AF8BAB}.Release|Any CPU.ActiveCfg = Release|Any CPU
		{25D33D7A-95C6-4489-981F-04EEB4AF8BAB}.Release|Any CPU.Build.0 = Release|Any CPU
		{25D33D7A-95C6-4489-981F-04EEB4AF8BAB}.Release|ARM.ActiveCfg = Release|Any CPU
		{25D33D7A-95C6-4489-981F-04EEB4AF8BAB}.Release|ARM.Build.0 = Release|Any CPU
		{25D33D7A-95C6-4489-981F-04EEB4AF8BAB}.Release|x64.ActiveCfg = Release|Any CPU
		{25D33D7A-95C6-4489-981F-04EEB4AF8BAB}.Release|x64.Build.0 = Release|Any CPU
		{25D33D7A-95C6-4489-981F-04EEB4AF8BAB}.Release|x86.ActiveCfg = Release|Any CPU
		{25D33D7A-95C6-4489-981F-04EEB4AF8BAB}.Release|x86.Build.0 = Release|Any CPU
		{D18333E6-8A75-480B-A418-2EB935C8F11E}.Debug|Any CPU.ActiveCfg = Debug|Any CPU
		{D18333E6-8A75-480B-A418-2EB935C8F11E}.Debug|Any CPU.Build.0 = Debug|Any CPU
		{D18333E6-8A75-480B-A418-2EB935C8F11E}.Debug|ARM.ActiveCfg = Debug|Any CPU
		{D18333E6-8A75-480B-A418-2EB935C8F11E}.Debug|ARM.Build.0 = Debug|Any CPU
		{D18333E6-8A75-480B-A418-2EB935C8F11E}.Debug|x64.ActiveCfg = Debug|Any CPU
		{D18333E6-8A75-480B-A418-2EB935C8F11E}.Debug|x64.Build.0 = Debug|Any CPU
		{D18333E6-8A75-480B-A418-2EB935C8F11E}.Debug|x86.ActiveCfg = Debug|Any CPU
		{D18333E6-8A75-480B-A418-2EB935C8F11E}.Debug|x86.Build.0 = Debug|Any CPU
		{D18333E6-8A75-480B-A418-2EB935C8F11E}.Release|Any CPU.ActiveCfg = Release|Any CPU
		{D18333E6-8A75-480B-A418-2EB935C8F11E}.Release|Any CPU.Build.0 = Release|Any CPU
		{D18333E6-8A75-480B-A418-2EB935C8F11E}.Release|ARM.ActiveCfg = Release|Any CPU
		{D18333E6-8A75-480B-A418-2EB935C8F11E}.Release|ARM.Build.0 = Release|Any CPU
		{D18333E6-8A75-480B-A418-2EB935C8F11E}.Release|x64.ActiveCfg = Release|Any CPU
		{D18333E6-8A75-480B-A418-2EB935C8F11E}.Release|x64.Build.0 = Release|Any CPU
		{D18333E6-8A75-480B-A418-2EB935C8F11E}.Release|x86.ActiveCfg = Release|Any CPU
		{D18333E6-8A75-480B-A418-2EB935C8F11E}.Release|x86.Build.0 = Release|Any CPU
		{1AD3FC44-5652-4582-BD9F-EC23B89C2BA2}.Debug|Any CPU.ActiveCfg = Debug|Any CPU
		{1AD3FC44-5652-4582-BD9F-EC23B89C2BA2}.Debug|Any CPU.Build.0 = Debug|Any CPU
		{1AD3FC44-5652-4582-BD9F-EC23B89C2BA2}.Debug|ARM.ActiveCfg = Debug|Any CPU
		{1AD3FC44-5652-4582-BD9F-EC23B89C2BA2}.Debug|ARM.Build.0 = Debug|Any CPU
		{1AD3FC44-5652-4582-BD9F-EC23B89C2BA2}.Debug|x64.ActiveCfg = Debug|Any CPU
		{1AD3FC44-5652-4582-BD9F-EC23B89C2BA2}.Debug|x64.Build.0 = Debug|Any CPU
		{1AD3FC44-5652-4582-BD9F-EC23B89C2BA2}.Debug|x86.ActiveCfg = Debug|Any CPU
		{1AD3FC44-5652-4582-BD9F-EC23B89C2BA2}.Debug|x86.Build.0 = Debug|Any CPU
		{1AD3FC44-5652-4582-BD9F-EC23B89C2BA2}.Release|Any CPU.ActiveCfg = Release|Any CPU
		{1AD3FC44-5652-4582-BD9F-EC23B89C2BA2}.Release|Any CPU.Build.0 = Release|Any CPU
		{1AD3FC44-5652-4582-BD9F-EC23B89C2BA2}.Release|ARM.ActiveCfg = Release|Any CPU
		{1AD3FC44-5652-4582-BD9F-EC23B89C2BA2}.Release|ARM.Build.0 = Release|Any CPU
		{1AD3FC44-5652-4582-BD9F-EC23B89C2BA2}.Release|x64.ActiveCfg = Release|Any CPU
		{1AD3FC44-5652-4582-BD9F-EC23B89C2BA2}.Release|x64.Build.0 = Release|Any CPU
		{1AD3FC44-5652-4582-BD9F-EC23B89C2BA2}.Release|x86.ActiveCfg = Release|Any CPU
		{1AD3FC44-5652-4582-BD9F-EC23B89C2BA2}.Release|x86.Build.0 = Release|Any CPU
	EndGlobalSection
	GlobalSection(SolutionProperties) = preSolution
		HideSolutionNode = FALSE
	EndGlobalSection
EndGlobal
